
Microsoft Visual Studio Solution File, Format Version 12.00
# Visual Studio Version 17
VisualStudioVersion = 17.4.33213.308
MinimumVisualStudioVersion = 10.0.40219.1
Project("{8BC9CEB8-8B4A-11D0-8D11-00A0C91BC942}") = "Exercise_week_15", "Exercise_week_15\Exercise_week_15.vcxproj", "{FF480605-426E-4D3C-8200-0DD63B06A87E}"
EndProject
Global
	GlobalSection(SolutionConfigurationPlatforms) = preSolution
		Debug|x64 = Debug|x64
		Debug|x86 = Debug|x86
		Release|x64 = Release|x64
		Release|x86 = Release|x86
	EndGlobalSection
	GlobalSection(ProjectConfigurationPlatforms) = postSolution
		{FF480605-426E-4D3C-8200-0DD63B06A87E}.Debug|x64.ActiveCfg = Debug|x64
		{FF480605-426E-4D3C-8200-0DD63B06A87E}.Debug|x64.Build.0 = Debug|x64
		{FF480605-426E-4D3C-8200-0DD63B06A87E}.Debug|x86.ActiveCfg = Debug|Win32
		{FF480605-426E-4D3C-8200-0DD63B06A87E}.Debug|x86.Build.0 = Debug|Win32
		{FF480605-426E-4D3C-8200-0DD63B06A87E}.Release|x64.ActiveCfg = Release|x64
		{FF480605-426E-4D3C-8200-0DD63B06A87E}.Release|x64.Build.0 = Release|x64
		{FF480605-426E-4D3C-8200-0DD63B06A87E}.Release|x86.ActiveCfg = Release|Win32
		{FF480605-426E-4D3C-8200-0DD63B06A87E}.Release|x86.Build.0 = Release|Win32
	EndGlobalSection
	GlobalSection(SolutionProperties) = preSolution
		HideSolutionNode = FALSE
	EndGlobalSection
	GlobalSection(ExtensibilityGlobals) = postSolution
		SolutionGuid = {6F126C7D-2B19-4DB0-ADE5-B6778F3E5AD3}
	EndGlobalSection
EndGlobal
