
Microsoft Visual Studio Solution File, Format Version 12.00
# Visual Studio Version 17
VisualStudioVersion = 17.4.33213.308
MinimumVisualStudioVersion = 10.0.40219.1
Project("{8BC9CEB8-8B4A-11D0-8D11-00A0C91BC942}") = "lab2P7474668", "lab2P7474668\lab2P7474668.vcxproj", "{7DD52200-4C04-41E1-A725-4ECFEF8BD6ED}"
EndProject
Global
	GlobalSection(SolutionConfigurationPlatforms) = preSolution
		Debug|x64 = Debug|x64
		Debug|x86 = Debug|x86
		Release|x64 = Release|x64
		Release|x86 = Release|x86
	EndGlobalSection
	GlobalSection(ProjectConfigurationPlatforms) = postSolution
		{7DD52200-4C04-41E1-A725-4ECFEF8BD6ED}.Debug|x64.ActiveCfg = Debug|x64
		{7DD52200-4C04-41E1-A725-4ECFEF8BD6ED}.Debug|x64.Build.0 = Debug|x64
		{7DD52200-4C04-41E1-A725-4ECFEF8BD6ED}.Debug|x86.ActiveCfg = Debug|Win32
		{7DD52200-4C04-41E1-A725-4ECFEF8BD6ED}.Debug|x86.Build.0 = Debug|Win32
		{7DD52200-4C04-41E1-A725-4ECFEF8BD6ED}.Release|x64.ActiveCfg = Release|x64
		{7DD52200-4C04-41E1-A725-4ECFEF8BD6ED}.Release|x64.Build.0 = Release|x64
		{7DD52200-4C04-41E1-A725-4ECFEF8BD6ED}.Release|x86.ActiveCfg = Release|Win32
		{7DD52200-4C04-41E1-A725-4ECFEF8BD6ED}.Release|x86.Build.0 = Release|Win32
	EndGlobalSection
	GlobalSection(SolutionProperties) = preSolution
		HideSolutionNode = FALSE
	EndGlobalSection
	GlobalSection(ExtensibilityGlobals) = postSolution
		SolutionGuid = {7DCA708D-EC58-46E1-8051-48845DCBB8A8}
	EndGlobalSection
EndGlobal
